
Microsoft Visual Studio Solution File, Format Version 12.00
# Visual Studio 15
VisualStudioVersion = 15.0.27130.2020
MinimumVisualStudioVersion = 10.0.40219.1
Project("{FAE04EC0-301F-11D3-BF4B-00C04F79EFBC}") = "NitroComposer", "NitroComposer\NitroComposer.csproj", "{DA199528-344E-4EAB-9479-2BF823DFC7A2}"
EndProject
Project("{FAE04EC0-301F-11D3-BF4B-00C04F79EFBC}") = "Test", "Test\Test.csproj", "{8ED1ADE5-133D-4D33-B053-990FE13270C8}"
EndProject
Project("{FAE04EC0-301F-11D3-BF4B-00C04F79EFBC}") = "HenkesUtils", "..\..\HenkesUtils\HenkesUtils\HenkesUtils.csproj", "{95829EB3-7D03-4D94-A1DD-1F12313E374D}"
EndProject
Project("{FAE04EC0-301F-11D3-BF4B-00C04F79EFBC}") = "BulkTest", "BulkTest\BulkTest.csproj", "{446B94D4-2037-4B9B-B3D8-7CB7F1A6DD66}"
EndProject
Project("{FAE04EC0-301F-11D3-BF4B-00C04F79EFBC}") = "NitroCore", "NitroSupport\NitroCore.csproj", "{A008CD3F-A712-43BE-BB8A-54C53B05C351}"
EndProject
Global
	GlobalSection(SolutionConfigurationPlatforms) = preSolution
		Debug|Any CPU = Debug|Any CPU
		Release|Any CPU = Release|Any CPU
	EndGlobalSection
	GlobalSection(ProjectConfigurationPlatforms) = postSolution
		{DA199528-344E-4EAB-9479-2BF823DFC7A2}.Debug|Any CPU.ActiveCfg = Debug|Any CPU
		{DA199528-344E-4EAB-9479-2BF823DFC7A2}.Debug|Any CPU.Build.0 = Debug|Any CPU
		{DA199528-344E-4EAB-9479-2BF823DFC7A2}.Release|Any CPU.ActiveCfg = Release|Any CPU
		{DA199528-344E-4EAB-9479-2BF823DFC7A2}.Release|Any CPU.Build.0 = Release|Any CPU
		{8ED1ADE5-133D-4D33-B053-990FE13270C8}.Debug|Any CPU.ActiveCfg = Debug|Any CPU
		{8ED1ADE5-133D-4D33-B053-990FE13270C8}.Debug|Any CPU.Build.0 = Debug|Any CPU
		{8ED1ADE5-133D-4D33-B053-990FE13270C8}.Release|Any CPU.ActiveCfg = Release|Any CPU
		{8ED1ADE5-133D-4D33-B053-990FE13270C8}.Release|Any CPU.Build.0 = Release|Any CPU
		{95829EB3-7D03-4D94-A1DD-1F12313E374D}.Debug|Any CPU.ActiveCfg = Debug|Any CPU
		{95829EB3-7D03-4D94-A1DD-1F12313E374D}.Debug|Any CPU.Build.0 = Debug|Any CPU
		{95829EB3-7D03-4D94-A1DD-1F12313E374D}.Release|Any CPU.ActiveCfg = Release|Any CPU
		{95829EB3-7D03-4D94-A1DD-1F12313E374D}.Release|Any CPU.Build.0 = Release|Any CPU
		{446B94D4-2037-4B9B-B3D8-7CB7F1A6DD66}.Debug|Any CPU.ActiveCfg = Debug|Any CPU
		{446B94D4-2037-4B9B-B3D8-7CB7F1A6DD66}.Debug|Any CPU.Build.0 = Debug|Any CPU
		{446B94D4-2037-4B9B-B3D8-7CB7F1A6DD66}.Release|Any CPU.ActiveCfg = Release|Any CPU
		{446B94D4-2037-4B9B-B3D8-7CB7F1A6DD66}.Release|Any CPU.Build.0 = Release|Any CPU
		{A008CD3F-A712-43BE-BB8A-54C53B05C351}.Debug|Any CPU.ActiveCfg = Debug|Any CPU
		{A008CD3F-A712-43BE-BB8A-54C53B05C351}.Debug|Any CPU.Build.0 = Debug|Any CPU
		{A008CD3F-A712-43BE-BB8A-54C53B05C351}.Release|Any CPU.ActiveCfg = Release|Any CPU
		{A008CD3F-A712-43BE-BB8A-54C53B05C351}.Release|Any CPU.Build.0 = Release|Any CPU
	EndGlobalSection
	GlobalSection(SolutionProperties) = preSolution
		HideSolutionNode = FALSE
	EndGlobalSection
	GlobalSection(ExtensibilityGlobals) = postSolution
		SolutionGuid = {8774CF6C-5C61-469D-A739-9FC042591AD9}
	EndGlobalSection
EndGlobal
